
Microsoft Visual Studio Solution File, Format Version 12.00
# Visual Studio Version 17
VisualStudioVersion = 17.0.32014.148
MinimumVisualStudioVersion = 10.0.40219.1
Project("{9A19103F-16F7-4668-BE54-9A1E7A4F7556}") = "GYMAPP", "GYMAPP\GYMAPP.csproj", "{356B90FB-6F2D-4B77-8CB6-980B8D00E425}"
EndProject
Project("{9A19103F-16F7-4668-BE54-9A1E7A4F7556}") = "GYMAPP.Concrete", "GYMAPP.Concrete\GYMAPP.Concrete.csproj", "{B9BBEA06-B8B4-4A06-8769-4A041527726F}"
EndProject
Project("{FAE04EC0-301F-11D3-BF4B-00C04F79EFBC}") = "GYMAPP.Interface", "GYMAPP.Interface\GYMAPP.Interface.csproj", "{7D5E4E0F-E63B-4561-94B5-880F2B5AEAD3}"
EndProject
Project("{FAE04EC0-301F-11D3-BF4B-00C04F79EFBC}") = "GYMAPP.Models", "GYMAPP.Models\GYMAPP.Models.csproj", "{8D008190-0349-46A8-8C5E-2155D0ADB979}"
EndProject
Project("{FAE04EC0-301F-11D3-BF4B-00C04F79EFBC}") = "GYMAPP.ViewModels", "GYMAPP.ViewModels\GYMAPP.ViewModels.csproj", "{7956F915-5035-4F0B-8B09-567AF653F4CC}"
EndProject
Global
	GlobalSection(SolutionConfigurationPlatforms) = preSolution
		Debug|Any CPU = Debug|Any CPU
		Release|Any CPU = Release|Any CPU
	EndGlobalSection
	GlobalSection(ProjectConfigurationPlatforms) = postSolution
		{356B90FB-6F2D-4B77-8CB6-980B8D00E425}.Debug|Any CPU.ActiveCfg = Debug|Any CPU
		{356B90FB-6F2D-4B77-8CB6-980B8D00E425}.Debug|Any CPU.Build.0 = Debug|Any CPU
		{356B90FB-6F2D-4B77-8CB6-980B8D00E425}.Release|Any CPU.ActiveCfg = Release|Any CPU
		{356B90FB-6F2D-4B77-8CB6-980B8D00E425}.Release|Any CPU.Build.0 = Release|Any CPU
		{B9BBEA06-B8B4-4A06-8769-4A041527726F}.Debug|Any CPU.ActiveCfg = Debug|Any CPU
		{B9BBEA06-B8B4-4A06-8769-4A041527726F}.Debug|Any CPU.Build.0 = Debug|Any CPU
		{B9BBEA06-B8B4-4A06-8769-4A041527726F}.Release|Any CPU.ActiveCfg = Release|Any CPU
		{B9BBEA06-B8B4-4A06-8769-4A041527726F}.Release|Any CPU.Build.0 = Release|Any CPU
		{7D5E4E0F-E63B-4561-94B5-880F2B5AEAD3}.Debug|Any CPU.ActiveCfg = Debug|Any CPU
		{7D5E4E0F-E63B-4561-94B5-880F2B5AEAD3}.Debug|Any CPU.Build.0 = Debug|Any CPU
		{7D5E4E0F-E63B-4561-94B5-880F2B5AEAD3}.Release|Any CPU.ActiveCfg = Release|Any CPU
		{7D5E4E0F-E63B-4561-94B5-880F2B5AEAD3}.Release|Any CPU.Build.0 = Release|Any CPU
		{8D008190-0349-46A8-8C5E-2155D0ADB979}.Debug|Any CPU.ActiveCfg = Debug|Any CPU
		{8D008190-0349-46A8-8C5E-2155D0ADB979}.Debug|Any CPU.Build.0 = Debug|Any CPU
		{8D008190-0349-46A8-8C5E-2155D0ADB979}.Release|Any CPU.ActiveCfg = Release|Any CPU
		{8D008190-0349-46A8-8C5E-2155D0ADB979}.Release|Any CPU.Build.0 = Release|Any CPU
		{7956F915-5035-4F0B-8B09-567AF653F4CC}.Debug|Any CPU.ActiveCfg = Debug|Any CPU
		{7956F915-5035-4F0B-8B09-567AF653F4CC}.Debug|Any CPU.Build.0 = Debug|Any CPU
		{7956F915-5035-4F0B-8B09-567AF653F4CC}.Release|Any CPU.ActiveCfg = Release|Any CPU
		{7956F915-5035-4F0B-8B09-567AF653F4CC}.Release|Any CPU.Build.0 = Release|Any CPU
	EndGlobalSection
	GlobalSection(SolutionProperties) = preSolution
		HideSolutionNode = FALSE
	EndGlobalSection
	GlobalSection(ExtensibilityGlobals) = postSolution
		SolutionGuid = {31D61A02-CC34-43BD-BF7F-B85FCCCDB4FA}
	EndGlobalSection
EndGlobal
